# THIS IS AN AUTOGENERATED FILE. DO NOT EDIT THIS FILE DIRECTLY.
# yarn lockfile v1


jquery@^3.5.0:
  version "3.5.0"
  resolved "https://registry.yarnpkg.com/jquery/-/jquery-3.5.0.tgz#9980b97d9e4194611c36530e7dc46a58d7340fc9"
  integrity sha512-Xb7SVYMvygPxbFMpTFQiHh1J7HClEaThguL15N/Gg37Lri/qKyhRGZYzHRyLH8Stq3Aow0LsHO2O2ci86fCrNQ==

localstoragedb@^2.3.2:
  version "2.3.2"
  resolved "https://registry.yarnpkg.com/localstoragedb/-/localstoragedb-2.3.2.tgz#5ed923e218aa8a0cd840479ae6f906a2a36c6122"
  integrity sha512-OvRGY7CE0M/RL++3oqKKXax9OCtcQGFHyUzjlmeILB2rRP2Ebk8TMojZ2EWsfuUGyN8+Yr7FV35kXgl0q8Yxow==
