# THIS IS AN AUTOGENERATED FILE. DO NOT EDIT THIS FILE DIRECTLY.
# yarn lockfile v1


jquery@^3.3.1:
  version "3.3.1"
  resolved "https://registry.yarnpkg.com/jquery/-/jquery-3.3.1.tgz#958ce29e81c9790f31be7792df5d4d95fc57fbca"
  integrity sha512-Ubldcmxp5np52/ENotGxlLe6aGMvmF4R8S6tZjsP6Knsaxd/xp3Zrh50cG93lR6nPXyUFwzN3ZSOQI0wRJNdGg==

localstoragedb@^2.3.2:
  version "2.3.2"
  resolved "https://registry.yarnpkg.com/localstoragedb/-/localstoragedb-2.3.2.tgz#5ed923e218aa8a0cd840479ae6f906a2a36c6122"
  integrity sha512-OvRGY7CE0M/RL++3oqKKXax9OCtcQGFHyUzjlmeILB2rRP2Ebk8TMojZ2EWsfuUGyN8+Yr7FV35kXgl0q8Yxow==
